
Microsoft Visual Studio Solution File, Format Version 12.00
# Visual Studio Version 16
VisualStudioVersion = 25.0.1706.7
MinimumVisualStudioVersion = 10.0.40219.1
Project("{FAE04EC0-301F-11D3-BF4B-00C04F79EFBC}") = "CarPoolApi", "CarPoolApi\CarPoolApi.csproj", "{DEB7E00E-D693-44D3-824A-3297718C9938}"
EndProject
Global
	GlobalSection(SolutionConfigurationPlatforms) = preSolution
		Debug|Any CPU = Debug|Any CPU
		Release|Any CPU = Release|Any CPU
	EndGlobalSection
	GlobalSection(ProjectConfigurationPlatforms) = postSolution
		{DEB7E00E-D693-44D3-824A-3297718C9938}.Debug|Any CPU.ActiveCfg = Debug|Any CPU
		{DEB7E00E-D693-44D3-824A-3297718C9938}.Debug|Any CPU.Build.0 = Debug|Any CPU
		{DEB7E00E-D693-44D3-824A-3297718C9938}.Release|Any CPU.ActiveCfg = Release|Any CPU
		{DEB7E00E-D693-44D3-824A-3297718C9938}.Release|Any CPU.Build.0 = Release|Any CPU
	EndGlobalSection
	GlobalSection(SolutionProperties) = preSolution
		HideSolutionNode = FALSE
	EndGlobalSection
	GlobalSection(ExtensibilityGlobals) = postSolution
		SolutionGuid = {8DEDD7D0-F8C2-4C9D-8FD9-19C44F5F8F17}
	EndGlobalSection
EndGlobal
